
Microsoft Visual Studio Solution File, Format Version 12.00
# Visual Studio 14
VisualStudioVersion = 14.0.25420.1
MinimumVisualStudioVersion = 10.0.40219.1
Project("{FAE04EC0-301F-11D3-BF4B-00C04F79EFBC}") = "DaivdStack", "DaivdStack\DaivdStack.csproj", "{BD397D8C-B86A-4B83-9E12-0CAA46EA2AAB}"
EndProject
Global
	GlobalSection(SolutionConfigurationPlatforms) = preSolution
		Debug|Any CPU = Debug|Any CPU
		Release|Any CPU = Release|Any CPU
	EndGlobalSection
	GlobalSection(ProjectConfigurationPlatforms) = postSolution
		{BD397D8C-B86A-4B83-9E12-0CAA46EA2AAB}.Debug|Any CPU.ActiveCfg = Debug|Any CPU
		{BD397D8C-B86A-4B83-9E12-0CAA46EA2AAB}.Debug|Any CPU.Build.0 = Debug|Any CPU
		{BD397D8C-B86A-4B83-9E12-0CAA46EA2AAB}.Release|Any CPU.ActiveCfg = Release|Any CPU
		{BD397D8C-B86A-4B83-9E12-0CAA46EA2AAB}.Release|Any CPU.Build.0 = Release|Any CPU
	EndGlobalSection
	GlobalSection(SolutionProperties) = preSolution
		HideSolutionNode = FALSE
	EndGlobalSection
EndGlobal
